
Microsoft Visual Studio Solution File, Format Version 12.00
# Visual Studio Version 17
VisualStudioVersion = 17.6.33829.357
MinimumVisualStudioVersion = 10.0.40219.1
Project("{9A19103F-16F7-4668-BE54-9A1E7A4F7556}") = "NorthwindDb", "NorthwindDb\NorthwindDb.csproj", "{E1E2E465-7B08-4030-B382-29C4F0E5103C}"
EndProject
Project("{9A19103F-16F7-4668-BE54-9A1E7A4F7556}") = "MigrationExample", "MigrationExample\MigrationExample.csproj", "{C09206B1-6702-4B11-B085-47A0F538B075}"
EndProject
Project("{9A19103F-16F7-4668-BE54-9A1E7A4F7556}") = "Querying", "Querying\Querying.csproj", "{77C522DB-67E9-4DB8-8BF9-0F1983E9B9C6}"
EndProject
Project("{9A19103F-16F7-4668-BE54-9A1E7A4F7556}") = "ChangeTracker", "ChangeTracker\ChangeTracker.csproj", "{B75D2968-493F-49D5-A661-7EB36F1C17F0}"
EndProject
Project("{9A19103F-16F7-4668-BE54-9A1E7A4F7556}") = "Tracking", "Tracking\Tracking.csproj", "{781CFE49-4A55-459D-83B9-5BC76962BE94}"
EndProject
Project("{9A19103F-16F7-4668-BE54-9A1E7A4F7556}") = "OneToOneRelation", "OneToOneRelation\OneToOneRelation.csproj", "{1138F13B-A2EC-4147-90F8-25AD437D9BF4}"
EndProject
Project("{9A19103F-16F7-4668-BE54-9A1E7A4F7556}") = "OneToManyRelation", "OneToManyRelation\OneToManyRelation.csproj", "{614D438F-820E-4D93-B5E8-4F6A39935200}"
EndProject
Project("{9A19103F-16F7-4668-BE54-9A1E7A4F7556}") = "ManyToManyRelation", "ManyToManyRelation\ManyToManyRelation.csproj", "{C17DE462-0DEB-4417-8743-51C5E7799368}"
EndProject
Project("{9A19103F-16F7-4668-BE54-9A1E7A4F7556}") = "EntityFrameworkConfigurations", "EntityFrameworkConfigurations\EntityFrameworkConfigurations.csproj", "{BE716BD9-0528-435F-942F-DCCA8BC27E51}"
EndProject
Project("{9A19103F-16F7-4668-BE54-9A1E7A4F7556}") = "GeneratedValues", "GeneratedValues\GeneratedValues.csproj", "{15513E76-86DE-4ED1-A8D2-120AA6702290}"
EndProject
Project("{9A19103F-16F7-4668-BE54-9A1E7A4F7556}") = "SeperateConfigurationClasses", "SeperateConfigurationClasses\SeperateConfigurationClasses.csproj", "{E02F099E-DBBA-49E5-AB2D-6BBA8261ECAC}"
EndProject
Project("{9A19103F-16F7-4668-BE54-9A1E7A4F7556}") = "DataSeeding", "DataSeeding\DataSeeding.csproj", "{663CE03A-EFE9-4F97-89D9-5960120ADE4E}"
EndProject
Project("{9A19103F-16F7-4668-BE54-9A1E7A4F7556}") = "TablePerHierarchy", "TablePerHierarchy\TablePerHierarchy.csproj", "{98FDD167-0AE5-4CA2-83A2-3567F3461353}"
EndProject
Project("{9A19103F-16F7-4668-BE54-9A1E7A4F7556}") = "TablePerType", "TablePerType\TablePerType.csproj", "{39769B6D-7BA8-4283-A968-0CB47A55F521}"
EndProject
Project("{9A19103F-16F7-4668-BE54-9A1E7A4F7556}") = "TablePerConcreteType", "TablePerConcreteType\TablePerConcreteType.csproj", "{39682C04-D01E-4EFF-A583-80900F6A62D2}"
EndProject
Project("{9A19103F-16F7-4668-BE54-9A1E7A4F7556}") = "Constraints", "Constraints\Constraints.csproj", "{BF74C999-CCE6-4F32-815A-770A6922FD7E}"
EndProject
Project("{9A19103F-16F7-4668-BE54-9A1E7A4F7556}") = "Indexes", "Indexes\Indexes.csproj", "{563C155B-C4D5-483B-ADD0-9BFBC397A650}"
EndProject
Project("{9A19103F-16F7-4668-BE54-9A1E7A4F7556}") = "Sequences", "Sequences\Sequences.csproj", "{E8FD690E-27D7-49D7-8121-35D9F3CC4407}"
EndProject
Project("{9A19103F-16F7-4668-BE54-9A1E7A4F7556}") = "EagerLoading", "EagerLoading\EagerLoading.csproj", "{49B491AE-58A4-4951-9F0E-1E5C0F60A360}"
EndProject
Project("{9A19103F-16F7-4668-BE54-9A1E7A4F7556}") = "ExplicitLoading", "ExplicitLoading\ExplicitLoading.csproj", "{34275821-89F3-4DCE-9D23-3C01C6AE85B0}"
EndProject
Project("{9A19103F-16F7-4668-BE54-9A1E7A4F7556}") = "LazyLoading", "LazyLoading\LazyLoading.csproj", "{A4B2FC2B-0920-4E9D-B339-FC0C0C0C7364}"
EndProject
Project("{9A19103F-16F7-4668-BE54-9A1E7A4F7556}") = "ComplexRelationalQueries", "ComplexRelationalQueries\ComplexRelationalQueries.csproj", "{ECF148F0-2323-4C3E-80B0-67150952F824}"
EndProject
Project("{FAE04EC0-301F-11D3-BF4B-00C04F79EFBC}") = "SqlQueries", "SqlQueries\SqlQueries.csproj", "{FB5ED0E2-205D-403A-8943-FCE7C670F358}"
EndProject
Project("{FAE04EC0-301F-11D3-BF4B-00C04F79EFBC}") = "Views", "Views\Views.csproj", "{4A7C582E-805A-4DEF-B70C-8AFE6B966A45}"
EndProject
Project("{FAE04EC0-301F-11D3-BF4B-00C04F79EFBC}") = "StoredProcedures", "StoredProcedures\StoredProcedures.csproj", "{4B41833B-F1EC-45C7-8733-1C6F7FB1A828}"
EndProject
Project("{FAE04EC0-301F-11D3-BF4B-00C04F79EFBC}") = "Functions", "Functions\Functions.csproj", "{ADAB2B4C-ECAB-4493-9A5F-42F25B7F1F35}"
EndProject
Global
	GlobalSection(SolutionConfigurationPlatforms) = preSolution
		Debug|Any CPU = Debug|Any CPU
		Release|Any CPU = Release|Any CPU
	EndGlobalSection
	GlobalSection(ProjectConfigurationPlatforms) = postSolution
		{E1E2E465-7B08-4030-B382-29C4F0E5103C}.Debug|Any CPU.ActiveCfg = Debug|Any CPU
		{E1E2E465-7B08-4030-B382-29C4F0E5103C}.Debug|Any CPU.Build.0 = Debug|Any CPU
		{E1E2E465-7B08-4030-B382-29C4F0E5103C}.Release|Any CPU.ActiveCfg = Release|Any CPU
		{E1E2E465-7B08-4030-B382-29C4F0E5103C}.Release|Any CPU.Build.0 = Release|Any CPU
		{C09206B1-6702-4B11-B085-47A0F538B075}.Debug|Any CPU.ActiveCfg = Debug|Any CPU
		{C09206B1-6702-4B11-B085-47A0F538B075}.Debug|Any CPU.Build.0 = Debug|Any CPU
		{C09206B1-6702-4B11-B085-47A0F538B075}.Release|Any CPU.ActiveCfg = Release|Any CPU
		{C09206B1-6702-4B11-B085-47A0F538B075}.Release|Any CPU.Build.0 = Release|Any CPU
		{77C522DB-67E9-4DB8-8BF9-0F1983E9B9C6}.Debug|Any CPU.ActiveCfg = Debug|Any CPU
		{77C522DB-67E9-4DB8-8BF9-0F1983E9B9C6}.Debug|Any CPU.Build.0 = Debug|Any CPU
		{77C522DB-67E9-4DB8-8BF9-0F1983E9B9C6}.Release|Any CPU.ActiveCfg = Release|Any CPU
		{77C522DB-67E9-4DB8-8BF9-0F1983E9B9C6}.Release|Any CPU.Build.0 = Release|Any CPU
		{B75D2968-493F-49D5-A661-7EB36F1C17F0}.Debug|Any CPU.ActiveCfg = Debug|Any CPU
		{B75D2968-493F-49D5-A661-7EB36F1C17F0}.Debug|Any CPU.Build.0 = Debug|Any CPU
		{B75D2968-493F-49D5-A661-7EB36F1C17F0}.Release|Any CPU.ActiveCfg = Release|Any CPU
		{B75D2968-493F-49D5-A661-7EB36F1C17F0}.Release|Any CPU.Build.0 = Release|Any CPU
		{781CFE49-4A55-459D-83B9-5BC76962BE94}.Debug|Any CPU.ActiveCfg = Debug|Any CPU
		{781CFE49-4A55-459D-83B9-5BC76962BE94}.Debug|Any CPU.Build.0 = Debug|Any CPU
		{781CFE49-4A55-459D-83B9-5BC76962BE94}.Release|Any CPU.ActiveCfg = Release|Any CPU
		{781CFE49-4A55-459D-83B9-5BC76962BE94}.Release|Any CPU.Build.0 = Release|Any CPU
		{1138F13B-A2EC-4147-90F8-25AD437D9BF4}.Debug|Any CPU.ActiveCfg = Debug|Any CPU
		{1138F13B-A2EC-4147-90F8-25AD437D9BF4}.Debug|Any CPU.Build.0 = Debug|Any CPU
		{1138F13B-A2EC-4147-90F8-25AD437D9BF4}.Release|Any CPU.ActiveCfg = Release|Any CPU
		{1138F13B-A2EC-4147-90F8-25AD437D9BF4}.Release|Any CPU.Build.0 = Release|Any CPU
		{614D438F-820E-4D93-B5E8-4F6A39935200}.Debug|Any CPU.ActiveCfg = Debug|Any CPU
		{614D438F-820E-4D93-B5E8-4F6A39935200}.Debug|Any CPU.Build.0 = Debug|Any CPU
		{614D438F-820E-4D93-B5E8-4F6A39935200}.Release|Any CPU.ActiveCfg = Release|Any CPU
		{614D438F-820E-4D93-B5E8-4F6A39935200}.Release|Any CPU.Build.0 = Release|Any CPU
		{C17DE462-0DEB-4417-8743-51C5E7799368}.Debug|Any CPU.ActiveCfg = Debug|Any CPU
		{C17DE462-0DEB-4417-8743-51C5E7799368}.Debug|Any CPU.Build.0 = Debug|Any CPU
		{C17DE462-0DEB-4417-8743-51C5E7799368}.Release|Any CPU.ActiveCfg = Release|Any CPU
		{C17DE462-0DEB-4417-8743-51C5E7799368}.Release|Any CPU.Build.0 = Release|Any CPU
		{BE716BD9-0528-435F-942F-DCCA8BC27E51}.Debug|Any CPU.ActiveCfg = Debug|Any CPU
		{BE716BD9-0528-435F-942F-DCCA8BC27E51}.Debug|Any CPU.Build.0 = Debug|Any CPU
		{BE716BD9-0528-435F-942F-DCCA8BC27E51}.Release|Any CPU.ActiveCfg = Release|Any CPU
		{BE716BD9-0528-435F-942F-DCCA8BC27E51}.Release|Any CPU.Build.0 = Release|Any CPU
		{15513E76-86DE-4ED1-A8D2-120AA6702290}.Debug|Any CPU.ActiveCfg = Debug|Any CPU
		{15513E76-86DE-4ED1-A8D2-120AA6702290}.Debug|Any CPU.Build.0 = Debug|Any CPU
		{15513E76-86DE-4ED1-A8D2-120AA6702290}.Release|Any CPU.ActiveCfg = Release|Any CPU
		{15513E76-86DE-4ED1-A8D2-120AA6702290}.Release|Any CPU.Build.0 = Release|Any CPU
		{E02F099E-DBBA-49E5-AB2D-6BBA8261ECAC}.Debug|Any CPU.ActiveCfg = Debug|Any CPU
		{E02F099E-DBBA-49E5-AB2D-6BBA8261ECAC}.Debug|Any CPU.Build.0 = Debug|Any CPU
		{E02F099E-DBBA-49E5-AB2D-6BBA8261ECAC}.Release|Any CPU.ActiveCfg = Release|Any CPU
		{E02F099E-DBBA-49E5-AB2D-6BBA8261ECAC}.Release|Any CPU.Build.0 = Release|Any CPU
		{663CE03A-EFE9-4F97-89D9-5960120ADE4E}.Debug|Any CPU.ActiveCfg = Debug|Any CPU
		{663CE03A-EFE9-4F97-89D9-5960120ADE4E}.Debug|Any CPU.Build.0 = Debug|Any CPU
		{663CE03A-EFE9-4F97-89D9-5960120ADE4E}.Release|Any CPU.ActiveCfg = Release|Any CPU
		{663CE03A-EFE9-4F97-89D9-5960120ADE4E}.Release|Any CPU.Build.0 = Release|Any CPU
		{98FDD167-0AE5-4CA2-83A2-3567F3461353}.Debug|Any CPU.ActiveCfg = Debug|Any CPU
		{98FDD167-0AE5-4CA2-83A2-3567F3461353}.Debug|Any CPU.Build.0 = Debug|Any CPU
		{98FDD167-0AE5-4CA2-83A2-3567F3461353}.Release|Any CPU.ActiveCfg = Release|Any CPU
		{98FDD167-0AE5-4CA2-83A2-3567F3461353}.Release|Any CPU.Build.0 = Release|Any CPU
		{39769B6D-7BA8-4283-A968-0CB47A55F521}.Debug|Any CPU.ActiveCfg = Debug|Any CPU
		{39769B6D-7BA8-4283-A968-0CB47A55F521}.Debug|Any CPU.Build.0 = Debug|Any CPU
		{39769B6D-7BA8-4283-A968-0CB47A55F521}.Release|Any CPU.ActiveCfg = Release|Any CPU
		{39769B6D-7BA8-4283-A968-0CB47A55F521}.Release|Any CPU.Build.0 = Release|Any CPU
		{39682C04-D01E-4EFF-A583-80900F6A62D2}.Debug|Any CPU.ActiveCfg = Debug|Any CPU
		{39682C04-D01E-4EFF-A583-80900F6A62D2}.Debug|Any CPU.Build.0 = Debug|Any CPU
		{39682C04-D01E-4EFF-A583-80900F6A62D2}.Release|Any CPU.ActiveCfg = Release|Any CPU
		{39682C04-D01E-4EFF-A583-80900F6A62D2}.Release|Any CPU.Build.0 = Release|Any CPU
		{BF74C999-CCE6-4F32-815A-770A6922FD7E}.Debug|Any CPU.ActiveCfg = Debug|Any CPU
		{BF74C999-CCE6-4F32-815A-770A6922FD7E}.Debug|Any CPU.Build.0 = Debug|Any CPU
		{BF74C999-CCE6-4F32-815A-770A6922FD7E}.Release|Any CPU.ActiveCfg = Release|Any CPU
		{BF74C999-CCE6-4F32-815A-770A6922FD7E}.Release|Any CPU.Build.0 = Release|Any CPU
		{563C155B-C4D5-483B-ADD0-9BFBC397A650}.Debug|Any CPU.ActiveCfg = Debug|Any CPU
		{563C155B-C4D5-483B-ADD0-9BFBC397A650}.Debug|Any CPU.Build.0 = Debug|Any CPU
		{563C155B-C4D5-483B-ADD0-9BFBC397A650}.Release|Any CPU.ActiveCfg = Release|Any CPU
		{563C155B-C4D5-483B-ADD0-9BFBC397A650}.Release|Any CPU.Build.0 = Release|Any CPU
		{E8FD690E-27D7-49D7-8121-35D9F3CC4407}.Debug|Any CPU.ActiveCfg = Debug|Any CPU
		{E8FD690E-27D7-49D7-8121-35D9F3CC4407}.Debug|Any CPU.Build.0 = Debug|Any CPU
		{E8FD690E-27D7-49D7-8121-35D9F3CC4407}.Release|Any CPU.ActiveCfg = Release|Any CPU
		{E8FD690E-27D7-49D7-8121-35D9F3CC4407}.Release|Any CPU.Build.0 = Release|Any CPU
		{49B491AE-58A4-4951-9F0E-1E5C0F60A360}.Debug|Any CPU.ActiveCfg = Debug|Any CPU
		{49B491AE-58A4-4951-9F0E-1E5C0F60A360}.Debug|Any CPU.Build.0 = Debug|Any CPU
		{49B491AE-58A4-4951-9F0E-1E5C0F60A360}.Release|Any CPU.ActiveCfg = Release|Any CPU
		{49B491AE-58A4-4951-9F0E-1E5C0F60A360}.Release|Any CPU.Build.0 = Release|Any CPU
		{34275821-89F3-4DCE-9D23-3C01C6AE85B0}.Debug|Any CPU.ActiveCfg = Debug|Any CPU
		{34275821-89F3-4DCE-9D23-3C01C6AE85B0}.Debug|Any CPU.Build.0 = Debug|Any CPU
		{34275821-89F3-4DCE-9D23-3C01C6AE85B0}.Release|Any CPU.ActiveCfg = Release|Any CPU
		{34275821-89F3-4DCE-9D23-3C01C6AE85B0}.Release|Any CPU.Build.0 = Release|Any CPU
		{A4B2FC2B-0920-4E9D-B339-FC0C0C0C7364}.Debug|Any CPU.ActiveCfg = Debug|Any CPU
		{A4B2FC2B-0920-4E9D-B339-FC0C0C0C7364}.Debug|Any CPU.Build.0 = Debug|Any CPU
		{A4B2FC2B-0920-4E9D-B339-FC0C0C0C7364}.Release|Any CPU.ActiveCfg = Release|Any CPU
		{A4B2FC2B-0920-4E9D-B339-FC0C0C0C7364}.Release|Any CPU.Build.0 = Release|Any CPU
		{ECF148F0-2323-4C3E-80B0-67150952F824}.Debug|Any CPU.ActiveCfg = Debug|Any CPU
		{ECF148F0-2323-4C3E-80B0-67150952F824}.Debug|Any CPU.Build.0 = Debug|Any CPU
		{ECF148F0-2323-4C3E-80B0-67150952F824}.Release|Any CPU.ActiveCfg = Release|Any CPU
		{ECF148F0-2323-4C3E-80B0-67150952F824}.Release|Any CPU.Build.0 = Release|Any CPU
		{FB5ED0E2-205D-403A-8943-FCE7C670F358}.Debug|Any CPU.ActiveCfg = Debug|Any CPU
		{FB5ED0E2-205D-403A-8943-FCE7C670F358}.Debug|Any CPU.Build.0 = Debug|Any CPU
		{FB5ED0E2-205D-403A-8943-FCE7C670F358}.Release|Any CPU.ActiveCfg = Release|Any CPU
		{FB5ED0E2-205D-403A-8943-FCE7C670F358}.Release|Any CPU.Build.0 = Release|Any CPU
		{4A7C582E-805A-4DEF-B70C-8AFE6B966A45}.Debug|Any CPU.ActiveCfg = Debug|Any CPU
		{4A7C582E-805A-4DEF-B70C-8AFE6B966A45}.Debug|Any CPU.Build.0 = Debug|Any CPU
		{4A7C582E-805A-4DEF-B70C-8AFE6B966A45}.Release|Any CPU.ActiveCfg = Release|Any CPU
		{4A7C582E-805A-4DEF-B70C-8AFE6B966A45}.Release|Any CPU.Build.0 = Release|Any CPU
		{4B41833B-F1EC-45C7-8733-1C6F7FB1A828}.Debug|Any CPU.ActiveCfg = Debug|Any CPU
		{4B41833B-F1EC-45C7-8733-1C6F7FB1A828}.Debug|Any CPU.Build.0 = Debug|Any CPU
		{4B41833B-F1EC-45C7-8733-1C6F7FB1A828}.Release|Any CPU.ActiveCfg = Release|Any CPU
		{4B41833B-F1EC-45C7-8733-1C6F7FB1A828}.Release|Any CPU.Build.0 = Release|Any CPU
		{ADAB2B4C-ECAB-4493-9A5F-42F25B7F1F35}.Debug|Any CPU.ActiveCfg = Debug|Any CPU
		{ADAB2B4C-ECAB-4493-9A5F-42F25B7F1F35}.Debug|Any CPU.Build.0 = Debug|Any CPU
		{ADAB2B4C-ECAB-4493-9A5F-42F25B7F1F35}.Release|Any CPU.ActiveCfg = Release|Any CPU
		{ADAB2B4C-ECAB-4493-9A5F-42F25B7F1F35}.Release|Any CPU.Build.0 = Release|Any CPU
	EndGlobalSection
	GlobalSection(SolutionProperties) = preSolution
		HideSolutionNode = FALSE
	EndGlobalSection
	GlobalSection(ExtensibilityGlobals) = postSolution
		SolutionGuid = {7E3BF8EC-F4A8-47DF-959D-978C7111C16D}
	EndGlobalSection
EndGlobal
